// !$*UTF8*$!
{
	archiveVersion = 1;
	classes = {
	};
	objectVersion = 56;
	objects = {

/* Begin PBXBuildFile section */
		BE3066152A8A404C00E1B207 /* dragons.json in Resources */ = {isa = PBXBuildFile; fileRef = BE3066142A8A404C00E1B207 /* dragons.json */; };
		BE3066172A8A40B400E1B207 /* mission.json in Resources */ = {isa = PBXBuildFile; fileRef = BE3066162A8A40B400E1B207 /* mission.json */; };
		BE3066192A8A429F00E1B207 /* rocket_dark.json in Resources */ = {isa = PBXBuildFile; fileRef = BE3066182A8A429F00E1B207 /* rocket_dark.json */; };
		BE30661C2A8A496700E1B207 /* cores.json in Resources */ = {isa = PBXBuildFile; fileRef = BE30661A2A8A496600E1B207 /* cores.json */; };
		BE30661D2A8A496700E1B207 /* launch_landing_pad.json in Resources */ = {isa = PBXBuildFile; fileRef = BE30661B2A8A496600E1B207 /* launch_landing_pad.json */; };
		BE30661F2A8A49A600E1B207 /* launch.json in Resources */ = {isa = PBXBuildFile; fileRef = BE30661E2A8A49A600E1B207 /* launch.json */; };
		BE3066212A8A4C0700E1B207 /* historical_events.json in Resources */ = {isa = PBXBuildFile; fileRef = BE3066202A8A4C0600E1B207 /* historical_events.json */; };
		BE3066232A8A4D0A00E1B207 /* history.json in Resources */ = {isa = PBXBuildFile; fileRef = BE3066222A8A4D0A00E1B207 /* history.json */; };
		BE3066272A8A553700E1B207 /* capsules.json in Resources */ = {isa = PBXBuildFile; fileRef = BE3066262A8A553700E1B207 /* capsules.json */; };
		BE30662F2A8A5DD500E1B207 /* LaunchesViewController.swift in Sources */ = {isa = PBXBuildFile; fileRef = BE30662E2A8A5DD500E1B207 /* LaunchesViewController.swift */; };
		BE3944AB2A850FDF00EB2824 /* AppDelegate.swift in Sources */ = {isa = PBXBuildFile; fileRef = BE3944AA2A850FDF00EB2824 /* AppDelegate.swift */; };
		BE3944AD2A850FDF00EB2824 /* SceneDelegate.swift in Sources */ = {isa = PBXBuildFile; fileRef = BE3944AC2A850FDF00EB2824 /* SceneDelegate.swift */; };
		BE3944AF2A850FDF00EB2824 /* HomeViewController.swift in Sources */ = {isa = PBXBuildFile; fileRef = BE3944AE2A850FDF00EB2824 /* HomeViewController.swift */; };
		BE3944B22A850FDF00EB2824 /* Main.storyboard in Resources */ = {isa = PBXBuildFile; fileRef = BE3944B02A850FDF00EB2824 /* Main.storyboard */; };
		BE3944B52A850FDF00EB2824 /* Space_X.xcdatamodeld in Sources */ = {isa = PBXBuildFile; fileRef = BE3944B32A850FDF00EB2824 /* Space_X.xcdatamodeld */; };
		BE3944B72A850FE000EB2824 /* Assets.xcassets in Resources */ = {isa = PBXBuildFile; fileRef = BE3944B62A850FE000EB2824 /* Assets.xcassets */; };
		BE3944BA2A850FE000EB2824 /* LaunchScreen.storyboard in Resources */ = {isa = PBXBuildFile; fileRef = BE3944B82A850FE000EB2824 /* LaunchScreen.storyboard */; };
		BE3944C52A850FE100EB2824 /* Space_XTests.swift in Sources */ = {isa = PBXBuildFile; fileRef = BE3944C42A850FE100EB2824 /* Space_XTests.swift */; };
		BE3944CF2A850FE100EB2824 /* Space_XUITests.swift in Sources */ = {isa = PBXBuildFile; fileRef = BE3944CE2A850FE100EB2824 /* Space_XUITests.swift */; };
		BE3944D12A850FE100EB2824 /* Space_XUITestsLaunchTests.swift in Sources */ = {isa = PBXBuildFile; fileRef = BE3944D02A850FE100EB2824 /* Space_XUITestsLaunchTests.swift */; };
		BE3944DF2A851EDB00EB2824 /* Kingfisher in Frameworks */ = {isa = PBXBuildFile; productRef = BE3944DE2A851EDB00EB2824 /* Kingfisher */; };
		BE3944E22A851F3800EB2824 /* Moya in Frameworks */ = {isa = PBXBuildFile; productRef = BE3944E12A851F3800EB2824 /* Moya */; };
		BE3944E52A85202500EB2824 /* AlamofireNetworkActivityLogger in Frameworks */ = {isa = PBXBuildFile; productRef = BE3944E42A85202500EB2824 /* AlamofireNetworkActivityLogger */; };
		BE3944E82A8537A300EB2824 /* UIImageView+Ext.swift in Sources */ = {isa = PBXBuildFile; fileRef = BE3944E72A8537A300EB2824 /* UIImageView+Ext.swift */; };
		BE3E17EA2A8BE320004F3CD1 /* LaunchesResponseModel.swift in Sources */ = {isa = PBXBuildFile; fileRef = BE3E17E92A8BE320004F3CD1 /* LaunchesResponseModel.swift */; };
		BE3E17ED2A8BE449004F3CD1 /* Const.swift in Sources */ = {isa = PBXBuildFile; fileRef = BE3E17EC2A8BE449004F3CD1 /* Const.swift */; };
		BE3E17EF2A8BE5B4004F3CD1 /* Enum.swift in Sources */ = {isa = PBXBuildFile; fileRef = BE3E17EE2A8BE5B4004F3CD1 /* Enum.swift */; };
		BE3E17F32A8BE626004F3CD1 /* NetworkManager.swift in Sources */ = {isa = PBXBuildFile; fileRef = BE3E17F22A8BE626004F3CD1 /* NetworkManager.swift */; };
		BE3E17F52A8BE644004F3CD1 /* MoyaNetworkLayer.swift in Sources */ = {isa = PBXBuildFile; fileRef = BE3E17F42A8BE644004F3CD1 /* MoyaNetworkLayer.swift */; };
		BE3E17F72A8BEA75004F3CD1 /* ImageLoadService.swift in Sources */ = {isa = PBXBuildFile; fileRef = BE3E17F62A8BEA75004F3CD1 /* ImageLoadService.swift */; };
		BE3E17F92A8BEABF004F3CD1 /* LoadingScreen.swift in Sources */ = {isa = PBXBuildFile; fileRef = BE3E17F82A8BEABF004F3CD1 /* LoadingScreen.swift */; };
		BEDA9F7B2A862E6B00B863C3 /* PageCollectionViewCell.swift in Sources */ = {isa = PBXBuildFile; fileRef = BEDA9F792A862E6A00B863C3 /* PageCollectionViewCell.swift */; };
		BEDA9F7C2A862E6B00B863C3 /* PageCollectionViewCell.xib in Resources */ = {isa = PBXBuildFile; fileRef = BEDA9F7A2A862E6B00B863C3 /* PageCollectionViewCell.xib */; };
		BEDA9F812A8666B400B863C3 /* OrderedCollections in Frameworks */ = {isa = PBXBuildFile; productRef = BEDA9F802A8666B400B863C3 /* OrderedCollections */; };
		BEDA9F832A86781300B863C3 /* ScrollUIView.swift in Sources */ = {isa = PBXBuildFile; fileRef = BEDA9F822A86781300B863C3 /* ScrollUIView.swift */; };
		BEDA9F862A867E1A00B863C3 /* Lottie in Frameworks */ = {isa = PBXBuildFile; productRef = BEDA9F852A867E1A00B863C3 /* Lottie */; };
		BEDA9F922A8694DA00B863C3 /* rocket.json in Resources */ = {isa = PBXBuildFile; fileRef = BEDA9F912A8694DA00B863C3 /* rocket.json */; };
		BEDB00582A8AE796007A067F /* LaunchesTableViewCell.swift in Sources */ = {isa = PBXBuildFile; fileRef = BEDB00562A8AE796007A067F /* LaunchesTableViewCell.swift */; };
		BEDB00592A8AE796007A067F /* LaunchesTableViewCell.xib in Resources */ = {isa = PBXBuildFile; fileRef = BEDB00572A8AE796007A067F /* LaunchesTableViewCell.xib */; };
		BEE341942A950BAD00A0C52D /* RocketViewController.swift in Sources */ = {isa = PBXBuildFile; fileRef = BEE341932A950BAD00A0C52D /* RocketViewController.swift */; };
		BEE3419A2A950CC600A0C52D /* RocketModel.swift in Sources */ = {isa = PBXBuildFile; fileRef = BEE341992A950CC600A0C52D /* RocketModel.swift */; };
/* End PBXBuildFile section */

/* Begin PBXContainerItemProxy section */
		BE3944C12A850FE100EB2824 /* PBXContainerItemProxy */ = {
			isa = PBXContainerItemProxy;
			containerPortal = BE39449F2A850FDF00EB2824 /* Project object */;
			proxyType = 1;
			remoteGlobalIDString = BE3944A62A850FDF00EB2824;
			remoteInfo = Space_X;
		};
		BE3944CB2A850FE100EB2824 /* PBXContainerItemProxy */ = {
			isa = PBXContainerItemProxy;
			containerPortal = BE39449F2A850FDF00EB2824 /* Project object */;
			proxyType = 1;
			remoteGlobalIDString = BE3944A62A850FDF00EB2824;
			remoteInfo = Space_X;
		};
/* End PBXContainerItemProxy section */

/* Begin PBXFileReference section */
		BE3066142A8A404C00E1B207 /* dragons.json */ = {isa = PBXFileReference; fileEncoding = 4; lastKnownFileType = text.json; path = dragons.json; sourceTree = "<group>"; };
		BE3066162A8A40B400E1B207 /* mission.json */ = {isa = PBXFileReference; fileEncoding = 4; lastKnownFileType = text.json; path = mission.json; sourceTree = "<group>"; };
		BE3066182A8A429F00E1B207 /* rocket_dark.json */ = {isa = PBXFileReference; fileEncoding = 4; lastKnownFileType = text.json; path = rocket_dark.json; sourceTree = "<group>"; };
		BE30661A2A8A496600E1B207 /* cores.json */ = {isa = PBXFileReference; fileEncoding = 4; lastKnownFileType = text.json; path = cores.json; sourceTree = "<group>"; };
		BE30661B2A8A496600E1B207 /* launch_landing_pad.json */ = {isa = PBXFileReference; fileEncoding = 4; lastKnownFileType = text.json; path = launch_landing_pad.json; sourceTree = "<group>"; };
		BE30661E2A8A49A600E1B207 /* launch.json */ = {isa = PBXFileReference; fileEncoding = 4; lastKnownFileType = text.json; path = launch.json; sourceTree = "<group>"; };
		BE3066202A8A4C0600E1B207 /* historical_events.json */ = {isa = PBXFileReference; fileEncoding = 4; lastKnownFileType = text.json; path = historical_events.json; sourceTree = "<group>"; };
		BE3066222A8A4D0A00E1B207 /* history.json */ = {isa = PBXFileReference; fileEncoding = 4; lastKnownFileType = text.json; path = history.json; sourceTree = "<group>"; };
		BE3066262A8A553700E1B207 /* capsules.json */ = {isa = PBXFileReference; fileEncoding = 4; lastKnownFileType = text.json; path = capsules.json; sourceTree = "<group>"; };
		BE30662E2A8A5DD500E1B207 /* LaunchesViewController.swift */ = {isa = PBXFileReference; lastKnownFileType = sourcecode.swift; path = LaunchesViewController.swift; sourceTree = "<group>"; };
		BE3944A72A850FDF00EB2824 /* Space_X.app */ = {isa = PBXFileReference; explicitFileType = wrapper.application; includeInIndex = 0; path = Space_X.app; sourceTree = BUILT_PRODUCTS_DIR; };
		BE3944AA2A850FDF00EB2824 /* AppDelegate.swift */ = {isa = PBXFileReference; lastKnownFileType = sourcecode.swift; path = AppDelegate.swift; sourceTree = "<group>"; };
		BE3944AC2A850FDF00EB2824 /* SceneDelegate.swift */ = {isa = PBXFileReference; lastKnownFileType = sourcecode.swift; path = SceneDelegate.swift; sourceTree = "<group>"; };
		BE3944AE2A850FDF00EB2824 /* HomeViewController.swift */ = {isa = PBXFileReference; lastKnownFileType = sourcecode.swift; path = HomeViewController.swift; sourceTree = "<group>"; };
		BE3944B12A850FDF00EB2824 /* Base */ = {isa = PBXFileReference; lastKnownFileType = file.storyboard; name = Base; path = Base.lproj/Main.storyboard; sourceTree = "<group>"; };
		BE3944B42A850FDF00EB2824 /* Space_X.xcdatamodel */ = {isa = PBXFileReference; lastKnownFileType = wrapper.xcdatamodel; path = Space_X.xcdatamodel; sourceTree = "<group>"; };
		BE3944B62A850FE000EB2824 /* Assets.xcassets */ = {isa = PBXFileReference; lastKnownFileType = folder.assetcatalog; path = Assets.xcassets; sourceTree = "<group>"; };
		BE3944B92A850FE000EB2824 /* Base */ = {isa = PBXFileReference; lastKnownFileType = file.storyboard; name = Base; path = Base.lproj/LaunchScreen.storyboard; sourceTree = "<group>"; };
		BE3944BB2A850FE000EB2824 /* Info.plist */ = {isa = PBXFileReference; lastKnownFileType = text.plist.xml; path = Info.plist; sourceTree = "<group>"; };
		BE3944C02A850FE100EB2824 /* Space_XTests.xctest */ = {isa = PBXFileReference; explicitFileType = wrapper.cfbundle; includeInIndex = 0; path = Space_XTests.xctest; sourceTree = BUILT_PRODUCTS_DIR; };
		BE3944C42A850FE100EB2824 /* Space_XTests.swift */ = {isa = PBXFileReference; lastKnownFileType = sourcecode.swift; path = Space_XTests.swift; sourceTree = "<group>"; };
		BE3944CA2A850FE100EB2824 /* Space_XUITests.xctest */ = {isa = PBXFileReference; explicitFileType = wrapper.cfbundle; includeInIndex = 0; path = Space_XUITests.xctest; sourceTree = BUILT_PRODUCTS_DIR; };
		BE3944CE2A850FE100EB2824 /* Space_XUITests.swift */ = {isa = PBXFileReference; lastKnownFileType = sourcecode.swift; path = Space_XUITests.swift; sourceTree = "<group>"; };
		BE3944D02A850FE100EB2824 /* Space_XUITestsLaunchTests.swift */ = {isa = PBXFileReference; lastKnownFileType = sourcecode.swift; path = Space_XUITestsLaunchTests.swift; sourceTree = "<group>"; };
		BE3944E72A8537A300EB2824 /* UIImageView+Ext.swift */ = {isa = PBXFileReference; lastKnownFileType = sourcecode.swift; path = "UIImageView+Ext.swift"; sourceTree = "<group>"; };
		BE3E17E92A8BE320004F3CD1 /* LaunchesResponseModel.swift */ = {isa = PBXFileReference; lastKnownFileType = sourcecode.swift; path = LaunchesResponseModel.swift; sourceTree = "<group>"; };
		BE3E17EC2A8BE449004F3CD1 /* Const.swift */ = {isa = PBXFileReference; lastKnownFileType = sourcecode.swift; path = Const.swift; sourceTree = "<group>"; };
		BE3E17EE2A8BE5B4004F3CD1 /* Enum.swift */ = {isa = PBXFileReference; lastKnownFileType = sourcecode.swift; path = Enum.swift; sourceTree = "<group>"; };
		BE3E17F22A8BE626004F3CD1 /* NetworkManager.swift */ = {isa = PBXFileReference; lastKnownFileType = sourcecode.swift; path = NetworkManager.swift; sourceTree = "<group>"; };
		BE3E17F42A8BE644004F3CD1 /* MoyaNetworkLayer.swift */ = {isa = PBXFileReference; lastKnownFileType = sourcecode.swift; path = MoyaNetworkLayer.swift; sourceTree = "<group>"; };
		BE3E17F62A8BEA75004F3CD1 /* ImageLoadService.swift */ = {isa = PBXFileReference; lastKnownFileType = sourcecode.swift; path = ImageLoadService.swift; sourceTree = "<group>"; };
		BE3E17F82A8BEABF004F3CD1 /* LoadingScreen.swift */ = {isa = PBXFileReference; lastKnownFileType = sourcecode.swift; path = LoadingScreen.swift; sourceTree = "<group>"; };
		BEDA9F792A862E6A00B863C3 /* PageCollectionViewCell.swift */ = {isa = PBXFileReference; lastKnownFileType = sourcecode.swift; path = PageCollectionViewCell.swift; sourceTree = "<group>"; };
		BEDA9F7A2A862E6B00B863C3 /* PageCollectionViewCell.xib */ = {isa = PBXFileReference; lastKnownFileType = file.xib; path = PageCollectionViewCell.xib; sourceTree = "<group>"; };
		BEDA9F822A86781300B863C3 /* ScrollUIView.swift */ = {isa = PBXFileReference; lastKnownFileType = sourcecode.swift; path = ScrollUIView.swift; sourceTree = "<group>"; };
		BEDA9F912A8694DA00B863C3 /* rocket.json */ = {isa = PBXFileReference; fileEncoding = 4; lastKnownFileType = text.json; path = rocket.json; sourceTree = "<group>"; };
		BEDB00562A8AE796007A067F /* LaunchesTableViewCell.swift */ = {isa = PBXFileReference; lastKnownFileType = sourcecode.swift; path = LaunchesTableViewCell.swift; sourceTree = "<group>"; };
		BEDB00572A8AE796007A067F /* LaunchesTableViewCell.xib */ = {isa = PBXFileReference; lastKnownFileType = file.xib; path = LaunchesTableViewCell.xib; sourceTree = "<group>"; };
		BEE341932A950BAD00A0C52D /* RocketViewController.swift */ = {isa = PBXFileReference; lastKnownFileType = sourcecode.swift; path = RocketViewController.swift; sourceTree = "<group>"; };
		BEE341992A950CC600A0C52D /* RocketModel.swift */ = {isa = PBXFileReference; lastKnownFileType = sourcecode.swift; path = RocketModel.swift; sourceTree = "<group>"; };
/* End PBXFileReference section */

/* Begin PBXFrameworksBuildPhase section */
		BE3944A42A850FDF00EB2824 /* Frameworks */ = {
			isa = PBXFrameworksBuildPhase;
			buildActionMask = 2147483647;
			files = (
				BEDA9F862A867E1A00B863C3 /* Lottie in Frameworks */,
				BE3944E52A85202500EB2824 /* AlamofireNetworkActivityLogger in Frameworks */,
				BE3944E22A851F3800EB2824 /* Moya in Frameworks */,
				BEDA9F812A8666B400B863C3 /* OrderedCollections in Frameworks */,
				BE3944DF2A851EDB00EB2824 /* Kingfisher in Frameworks */,
			);
			runOnlyForDeploymentPostprocessing = 0;
		};
		BE3944BD2A850FE100EB2824 /* Frameworks */ = {
			isa = PBXFrameworksBuildPhase;
			buildActionMask = 2147483647;
			files = (
			);
			runOnlyForDeploymentPostprocessing = 0;
		};
		BE3944C72A850FE100EB2824 /* Frameworks */ = {
			isa = PBXFrameworksBuildPhase;
			buildActionMask = 2147483647;
			files = (
			);
			runOnlyForDeploymentPostprocessing = 0;
		};
/* End PBXFrameworksBuildPhase section */

/* Begin PBXGroup section */
		BE39449E2A850FDF00EB2824 = {
			isa = PBXGroup;
			children = (
				BE3944A92A850FDF00EB2824 /* Space_X */,
				BE3944C32A850FE100EB2824 /* Space_XTests */,
				BE3944CD2A850FE100EB2824 /* Space_XUITests */,
				BE3944A82A850FDF00EB2824 /* Products */,
			);
			sourceTree = "<group>";
		};
		BE3944A82A850FDF00EB2824 /* Products */ = {
			isa = PBXGroup;
			children = (
				BE3944A72A850FDF00EB2824 /* Space_X.app */,
				BE3944C02A850FE100EB2824 /* Space_XTests.xctest */,
				BE3944CA2A850FE100EB2824 /* Space_XUITests.xctest */,
			);
			name = Products;
			sourceTree = "<group>";
		};
		BE3944A92A850FDF00EB2824 /* Space_X */ = {
			isa = PBXGroup;
			children = (
				BEDA9F892A867E7400B863C3 /* Assets */,
				BE3E17F02A8BE60B004F3CD1 /* Services */,
				BE3E17EB2A8BE43B004F3CD1 /* Const */,
				BEDB005D2A8AE99F007A067F /* UIView */,
				BEDB005C2A8AE98B007A067F /* ViewControllers */,
				BEDB00552A8AE782007A067F /* UITableViewCell */,
				BEDA9F782A862E5B00B863C3 /* CollectionViewCell */,
				BEDA9F752A8625FA00B863C3 /* App Infrastructure */,
				BE3944E62A85379200EB2824 /* Extensions */,
				BE3E17E72A8BE307004F3CD1 /* Models */,
				BE3944B02A850FDF00EB2824 /* Main.storyboard */,
				BE3944B82A850FE000EB2824 /* LaunchScreen.storyboard */,
				BE3944B32A850FDF00EB2824 /* Space_X.xcdatamodeld */,
				BE3944BB2A850FE000EB2824 /* Info.plist */,
				BE3944B62A850FE000EB2824 /* Assets.xcassets */,
			);
			path = Space_X;
			sourceTree = "<group>";
		};
		BE3944C32A850FE100EB2824 /* Space_XTests */ = {
			isa = PBXGroup;
			children = (
				BE3944C42A850FE100EB2824 /* Space_XTests.swift */,
			);
			path = Space_XTests;
			sourceTree = "<group>";
		};
		BE3944CD2A850FE100EB2824 /* Space_XUITests */ = {
			isa = PBXGroup;
			children = (
				BE3944CE2A850FE100EB2824 /* Space_XUITests.swift */,
				BE3944D02A850FE100EB2824 /* Space_XUITestsLaunchTests.swift */,
			);
			path = Space_XUITests;
			sourceTree = "<group>";
		};
		BE3944E62A85379200EB2824 /* Extensions */ = {
			isa = PBXGroup;
			children = (
				BE3944E72A8537A300EB2824 /* UIImageView+Ext.swift */,
			);
			path = Extensions;
			sourceTree = "<group>";
		};
		BE3E17E72A8BE307004F3CD1 /* Models */ = {
			isa = PBXGroup;
			children = (
				BE3E17E82A8BE30F004F3CD1 /* ResponseModels */,
			);
			path = Models;
			sourceTree = "<group>";
		};
		BE3E17E82A8BE30F004F3CD1 /* ResponseModels */ = {
			isa = PBXGroup;
			children = (
				BE3E17E92A8BE320004F3CD1 /* LaunchesResponseModel.swift */,
				BEE341992A950CC600A0C52D /* RocketModel.swift */,
			);
			path = ResponseModels;
			sourceTree = "<group>";
		};
		BE3E17EB2A8BE43B004F3CD1 /* Const */ = {
			isa = PBXGroup;
			children = (
				BE3E17EC2A8BE449004F3CD1 /* Const.swift */,
				BE3E17EE2A8BE5B4004F3CD1 /* Enum.swift */,
			);
			path = Const;
			sourceTree = "<group>";
		};
		BE3E17F02A8BE60B004F3CD1 /* Services */ = {
			isa = PBXGroup;
			children = (
				BE3E17F12A8BE612004F3CD1 /* NetworkService */,
				BE3E17F62A8BEA75004F3CD1 /* ImageLoadService.swift */,
				BE3E17F82A8BEABF004F3CD1 /* LoadingScreen.swift */,
			);
			path = Services;
			sourceTree = "<group>";
		};
		BE3E17F12A8BE612004F3CD1 /* NetworkService */ = {
			isa = PBXGroup;
			children = (
				BE3E17F22A8BE626004F3CD1 /* NetworkManager.swift */,
				BE3E17F42A8BE644004F3CD1 /* MoyaNetworkLayer.swift */,
			);
			path = NetworkService;
			sourceTree = "<group>";
		};
		BEDA9F752A8625FA00B863C3 /* App Infrastructure */ = {
			isa = PBXGroup;
			children = (
				BE3944AA2A850FDF00EB2824 /* AppDelegate.swift */,
				BE3944AC2A850FDF00EB2824 /* SceneDelegate.swift */,
			);
			path = "App Infrastructure";
			sourceTree = "<group>";
		};
		BEDA9F782A862E5B00B863C3 /* CollectionViewCell */ = {
			isa = PBXGroup;
			children = (
				BEDB005B2A8AE95B007A067F /* PageCollectionViewCell */,
			);
			path = CollectionViewCell;
			sourceTree = "<group>";
		};
		BEDA9F892A867E7400B863C3 /* Assets */ = {
			isa = PBXGroup;
			children = (
				BEDA9F8A2A867E7C00B863C3 /* Animations */,
			);
			path = Assets;
			sourceTree = "<group>";
		};
		BEDA9F8A2A867E7C00B863C3 /* Animations */ = {
			isa = PBXGroup;
			children = (
				BE3066262A8A553700E1B207 /* capsules.json */,
				BE3066222A8A4D0A00E1B207 /* history.json */,
				BE3066202A8A4C0600E1B207 /* historical_events.json */,
				BE3066142A8A404C00E1B207 /* dragons.json */,
				BE3066162A8A40B400E1B207 /* mission.json */,
				BE3066182A8A429F00E1B207 /* rocket_dark.json */,
				BEDA9F912A8694DA00B863C3 /* rocket.json */,
				BE30661B2A8A496600E1B207 /* launch_landing_pad.json */,
				BE30661A2A8A496600E1B207 /* cores.json */,
				BE30661E2A8A49A600E1B207 /* launch.json */,
			);
			path = Animations;
			sourceTree = "<group>";
		};
		BEDB00552A8AE782007A067F /* UITableViewCell */ = {
			isa = PBXGroup;
			children = (
				BEDB005A2A8AE950007A067F /* LaunchsTableViewCell */,
			);
			path = UITableViewCell;
			sourceTree = "<group>";
		};
		BEDB005A2A8AE950007A067F /* LaunchsTableViewCell */ = {
			isa = PBXGroup;
			children = (
				BEDB00562A8AE796007A067F /* LaunchesTableViewCell.swift */,
				BEDB00572A8AE796007A067F /* LaunchesTableViewCell.xib */,
			);
			path = LaunchsTableViewCell;
			sourceTree = "<group>";
		};
		BEDB005B2A8AE95B007A067F /* PageCollectionViewCell */ = {
			isa = PBXGroup;
			children = (
				BEDA9F792A862E6A00B863C3 /* PageCollectionViewCell.swift */,
				BEDA9F7A2A862E6B00B863C3 /* PageCollectionViewCell.xib */,
			);
			path = PageCollectionViewCell;
			sourceTree = "<group>";
		};
		BEDB005C2A8AE98B007A067F /* ViewControllers */ = {
			isa = PBXGroup;
			children = (
				BE3944AE2A850FDF00EB2824 /* HomeViewController.swift */,
				BE30662E2A8A5DD500E1B207 /* LaunchesViewController.swift */,
				BEE341932A950BAD00A0C52D /* RocketViewController.swift */,
			);
			path = ViewControllers;
			sourceTree = "<group>";
		};
		BEDB005D2A8AE99F007A067F /* UIView */ = {
			isa = PBXGroup;
			children = (
				BEDA9F822A86781300B863C3 /* ScrollUIView.swift */,
			);
			path = UIView;
			sourceTree = "<group>";
		};
/* End PBXGroup section */

/* Begin PBXNativeTarget section */
		BE3944A62A850FDF00EB2824 /* Space_X */ = {
			isa = PBXNativeTarget;
			buildConfigurationList = BE3944D42A850FE100EB2824 /* Build configuration list for PBXNativeTarget "Space_X" */;
			buildPhases = (
				BE3944A32A850FDF00EB2824 /* Sources */,
				BE3944A42A850FDF00EB2824 /* Frameworks */,
				BE3944A52A850FDF00EB2824 /* Resources */,
			);
			buildRules = (
			);
			dependencies = (
			);
			name = Space_X;
			packageProductDependencies = (
				BE3944DE2A851EDB00EB2824 /* Kingfisher */,
				BE3944E12A851F3800EB2824 /* Moya */,
				BE3944E42A85202500EB2824 /* AlamofireNetworkActivityLogger */,
				BEDA9F802A8666B400B863C3 /* OrderedCollections */,
				BEDA9F852A867E1A00B863C3 /* Lottie */,
			);
			productName = Space_X;
			productReference = BE3944A72A850FDF00EB2824 /* Space_X.app */;
			productType = "com.apple.product-type.application";
		};
		BE3944BF2A850FE100EB2824 /* Space_XTests */ = {
			isa = PBXNativeTarget;
			buildConfigurationList = BE3944D72A850FE100EB2824 /* Build configuration list for PBXNativeTarget "Space_XTests" */;
			buildPhases = (
				BE3944BC2A850FE100EB2824 /* Sources */,
				BE3944BD2A850FE100EB2824 /* Frameworks */,
				BE3944BE2A850FE100EB2824 /* Resources */,
			);
			buildRules = (
			);
			dependencies = (
				BE3944C22A850FE100EB2824 /* PBXTargetDependency */,
			);
			name = Space_XTests;
			productName = Space_XTests;
			productReference = BE3944C02A850FE100EB2824 /* Space_XTests.xctest */;
			productType = "com.apple.product-type.bundle.unit-test";
		};
		BE3944C92A850FE100EB2824 /* Space_XUITests */ = {
			isa = PBXNativeTarget;
			buildConfigurationList = BE3944DA2A850FE100EB2824 /* Build configuration list for PBXNativeTarget "Space_XUITests" */;
			buildPhases = (
				BE3944C62A850FE100EB2824 /* Sources */,
				BE3944C72A850FE100EB2824 /* Frameworks */,
				BE3944C82A850FE100EB2824 /* Resources */,
			);
			buildRules = (
			);
			dependencies = (
				BE3944CC2A850FE100EB2824 /* PBXTargetDependency */,
			);
			name = Space_XUITests;
			productName = Space_XUITests;
			productReference = BE3944CA2A850FE100EB2824 /* Space_XUITests.xctest */;
			productType = "com.apple.product-type.bundle.ui-testing";
		};
/* End PBXNativeTarget section */

/* Begin PBXProject section */
		BE39449F2A850FDF00EB2824 /* Project object */ = {
			isa = PBXProject;
			attributes = {
				BuildIndependentTargetsInParallel = 1;
				LastSwiftUpdateCheck = 1430;
				LastUpgradeCheck = 1430;
				TargetAttributes = {
					BE3944A62A850FDF00EB2824 = {
						CreatedOnToolsVersion = 14.3.1;
					};
					BE3944BF2A850FE100EB2824 = {
						CreatedOnToolsVersion = 14.3.1;
						TestTargetID = BE3944A62A850FDF00EB2824;
					};
					BE3944C92A850FE100EB2824 = {
						CreatedOnToolsVersion = 14.3.1;
						TestTargetID = BE3944A62A850FDF00EB2824;
					};
				};
			};
			buildConfigurationList = BE3944A22A850FDF00EB2824 /* Build configuration list for PBXProject "Space_X" */;
			compatibilityVersion = "Xcode 14.0";
			developmentRegion = en;
			hasScannedForEncodings = 0;
			knownRegions = (
				en,
				Base,
			);
			mainGroup = BE39449E2A850FDF00EB2824;
			packageReferences = (
				BE3944DD2A851EDB00EB2824 /* XCRemoteSwiftPackageReference "Kingfisher" */,
				BE3944E02A851F3800EB2824 /* XCRemoteSwiftPackageReference "Moya" */,
				BE3944E32A85202500EB2824 /* XCRemoteSwiftPackageReference "AlamofireNetworkActivityLogger" */,
				BEDA9F7F2A8666B400B863C3 /* XCRemoteSwiftPackageReference "swift-collections" */,
				BEDA9F842A867E1A00B863C3 /* XCRemoteSwiftPackageReference "lottie-ios" */,
			);
			productRefGroup = BE3944A82A850FDF00EB2824 /* Products */;
			projectDirPath = "";
			projectRoot = "";
			targets = (
				BE3944A62A850FDF00EB2824 /* Space_X */,
				BE3944BF2A850FE100EB2824 /* Space_XTests */,
				BE3944C92A850FE100EB2824 /* Space_XUITests */,
			);
		};
/* End PBXProject section */

/* Begin PBXResourcesBuildPhase section */
		BE3944A52A850FDF00EB2824 /* Resources */ = {
			isa = PBXResourcesBuildPhase;
			buildActionMask = 2147483647;
			files = (
				BE30661C2A8A496700E1B207 /* cores.json in Resources */,
				BEDA9F7C2A862E6B00B863C3 /* PageCollectionViewCell.xib in Resources */,
				BE30661D2A8A496700E1B207 /* launch_landing_pad.json in Resources */,
				BE3066172A8A40B400E1B207 /* mission.json in Resources */,
				BE3066152A8A404C00E1B207 /* dragons.json in Resources */,
				BE30661F2A8A49A600E1B207 /* launch.json in Resources */,
				BE3066272A8A553700E1B207 /* capsules.json in Resources */,
				BE3944BA2A850FE000EB2824 /* LaunchScreen.storyboard in Resources */,
				BEDB00592A8AE796007A067F /* LaunchesTableViewCell.xib in Resources */,
				BE3944B72A850FE000EB2824 /* Assets.xcassets in Resources */,
				BE3066212A8A4C0700E1B207 /* historical_events.json in Resources */,
				BE3066192A8A429F00E1B207 /* rocket_dark.json in Resources */,
				BE3944B22A850FDF00EB2824 /* Main.storyboard in Resources */,
				BE3066232A8A4D0A00E1B207 /* history.json in Resources */,
				BEDA9F922A8694DA00B863C3 /* rocket.json in Resources */,
			);
			runOnlyForDeploymentPostprocessing = 0;
		};
		BE3944BE2A850FE100EB2824 /* Resources */ = {
			isa = PBXResourcesBuildPhase;
			buildActionMask = 2147483647;
			files = (
			);
			runOnlyForDeploymentPostprocessing = 0;
		};
		BE3944C82A850FE100EB2824 /* Resources */ = {
			isa = PBXResourcesBuildPhase;
			buildActionMask = 2147483647;
			files = (
			);
			runOnlyForDeploymentPostprocessing = 0;
		};
/* End PBXResourcesBuildPhase section */

/* Begin PBXSourcesBuildPhase section */
		BE3944A32A850FDF00EB2824 /* Sources */ = {
			isa = PBXSourcesBuildPhase;
			buildActionMask = 2147483647;
			files = (
				BEDA9F832A86781300B863C3 /* ScrollUIView.swift in Sources */,
				BE30662F2A8A5DD500E1B207 /* LaunchesViewController.swift in Sources */,
				BE3E17EF2A8BE5B4004F3CD1 /* Enum.swift in Sources */,
				BE3E17F32A8BE626004F3CD1 /* NetworkManager.swift in Sources */,
				BE3E17F52A8BE644004F3CD1 /* MoyaNetworkLayer.swift in Sources */,
				BEDB00582A8AE796007A067F /* LaunchesTableViewCell.swift in Sources */,
				BE3944AF2A850FDF00EB2824 /* HomeViewController.swift in Sources */,
				BEE341942A950BAD00A0C52D /* RocketViewController.swift in Sources */,
				BEDA9F7B2A862E6B00B863C3 /* PageCollectionViewCell.swift in Sources */,
				BEE3419A2A950CC600A0C52D /* RocketModel.swift in Sources */,
				BE3E17EA2A8BE320004F3CD1 /* LaunchesResponseModel.swift in Sources */,
				BE3944E82A8537A300EB2824 /* UIImageView+Ext.swift in Sources */,
				BE3944AB2A850FDF00EB2824 /* AppDelegate.swift in Sources */,
				BE3944AD2A850FDF00EB2824 /* SceneDelegate.swift in Sources */,
				BE3E17F92A8BEABF004F3CD1 /* LoadingScreen.swift in Sources */,
				BE3944B52A850FDF00EB2824 /* Space_X.xcdatamodeld in Sources */,
				BE3E17F72A8BEA75004F3CD1 /* ImageLoadService.swift in Sources */,
				BE3E17ED2A8BE449004F3CD1 /* Const.swift in Sources */,
			);
			runOnlyForDeploymentPostprocessing = 0;
		};
		BE3944BC2A850FE100EB2824 /* Sources */ = {
			isa = PBXSourcesBuildPhase;
			buildActionMask = 2147483647;
			files = (
				BE3944C52A850FE100EB2824 /* Space_XTests.swift in Sources */,
			);
			runOnlyForDeploymentPostprocessing = 0;
		};
		BE3944C62A850FE100EB2824 /* Sources */ = {
			isa = PBXSourcesBuildPhase;
			buildActionMask = 2147483647;
			files = (
				BE3944D12A850FE100EB2824 /* Space_XUITestsLaunchTests.swift in Sources */,
				BE3944CF2A850FE100EB2824 /* Space_XUITests.swift in Sources */,
			);
			runOnlyForDeploymentPostprocessing = 0;
		};
/* End PBXSourcesBuildPhase section */

/* Begin PBXTargetDependency section */
		BE3944C22A850FE100EB2824 /* PBXTargetDependency */ = {
			isa = PBXTargetDependency;
			target = BE3944A62A850FDF00EB2824 /* Space_X */;
			targetProxy = BE3944C12A850FE100EB2824 /* PBXContainerItemProxy */;
		};
		BE3944CC2A850FE100EB2824 /* PBXTargetDependency */ = {
			isa = PBXTargetDependency;
			target = BE3944A62A850FDF00EB2824 /* Space_X */;
			targetProxy = BE3944CB2A850FE100EB2824 /* PBXContainerItemProxy */;
		};
/* End PBXTargetDependency section */

/* Begin PBXVariantGroup section */
		BE3944B02A850FDF00EB2824 /* Main.storyboard */ = {
			isa = PBXVariantGroup;
			children = (
				BE3944B12A850FDF00EB2824 /* Base */,
			);
			name = Main.storyboard;
			sourceTree = "<group>";
		};
		BE3944B82A850FE000EB2824 /* LaunchScreen.storyboard */ = {
			isa = PBXVariantGroup;
			children = (
				BE3944B92A850FE000EB2824 /* Base */,
			);
			name = LaunchScreen.storyboard;
			sourceTree = "<group>";
		};
/* End PBXVariantGroup section */

/* Begin XCBuildConfiguration section */
		BE3944D22A850FE100EB2824 /* Debug */ = {
			isa = XCBuildConfiguration;
			buildSettings = {
				ALWAYS_SEARCH_USER_PATHS = NO;
				CLANG_ANALYZER_NONNULL = YES;
				CLANG_ANALYZER_NUMBER_OBJECT_CONVERSION = YES_AGGRESSIVE;
				CLANG_CXX_LANGUAGE_STANDARD = "gnu++20";
				CLANG_ENABLE_MODULES = YES;
				CLANG_ENABLE_OBJC_ARC = YES;
				CLANG_ENABLE_OBJC_WEAK = YES;
				CLANG_WARN_BLOCK_CAPTURE_AUTORELEASING = YES;
				CLANG_WARN_BOOL_CONVERSION = YES;
				CLANG_WARN_COMMA = YES;
				CLANG_WARN_CONSTANT_CONVERSION = YES;
				CLANG_WARN_DEPRECATED_OBJC_IMPLEMENTATIONS = YES;
				CLANG_WARN_DIRECT_OBJC_ISA_USAGE = YES_ERROR;
				CLANG_WARN_DOCUMENTATION_COMMENTS = YES;
				CLANG_WARN_EMPTY_BODY = YES;
				CLANG_WARN_ENUM_CONVERSION = YES;
				CLANG_WARN_INFINITE_RECURSION = YES;
				CLANG_WARN_INT_CONVERSION = YES;
				CLANG_WARN_NON_LITERAL_NULL_CONVERSION = YES;
				CLANG_WARN_OBJC_IMPLICIT_RETAIN_SELF = YES;
				CLANG_WARN_OBJC_LITERAL_CONVERSION = YES;
				CLANG_WARN_OBJC_ROOT_CLASS = YES_ERROR;
				CLANG_WARN_QUOTED_INCLUDE_IN_FRAMEWORK_HEADER = YES;
				CLANG_WARN_RANGE_LOOP_ANALYSIS = YES;
				CLANG_WARN_STRICT_PROTOTYPES = YES;
				CLANG_WARN_SUSPICIOUS_MOVE = YES;
				CLANG_WARN_UNGUARDED_AVAILABILITY = YES_AGGRESSIVE;
				CLANG_WARN_UNREACHABLE_CODE = YES;
				CLANG_WARN__DUPLICATE_METHOD_MATCH = YES;
				COPY_PHASE_STRIP = NO;
				DEBUG_INFORMATION_FORMAT = dwarf;
				ENABLE_STRICT_OBJC_MSGSEND = YES;
				ENABLE_TESTABILITY = YES;
				GCC_C_LANGUAGE_STANDARD = gnu11;
				GCC_DYNAMIC_NO_PIC = NO;
				GCC_NO_COMMON_BLOCKS = YES;
				GCC_OPTIMIZATION_LEVEL = 0;
				GCC_PREPROCESSOR_DEFINITIONS = (
					"DEBUG=1",
					"$(inherited)",
				);
				GCC_WARN_64_TO_32_BIT_CONVERSION = YES;
				GCC_WARN_ABOUT_RETURN_TYPE = YES_ERROR;
				GCC_WARN_UNDECLARED_SELECTOR = YES;
				GCC_WARN_UNINITIALIZED_AUTOS = YES_AGGRESSIVE;
				GCC_WARN_UNUSED_FUNCTION = YES;
				GCC_WARN_UNUSED_VARIABLE = YES;
				IPHONEOS_DEPLOYMENT_TARGET = 16.4;
				MTL_ENABLE_DEBUG_INFO = INCLUDE_SOURCE;
				MTL_FAST_MATH = YES;
				ONLY_ACTIVE_ARCH = YES;
				SDKROOT = iphoneos;
				SWIFT_ACTIVE_COMPILATION_CONDITIONS = DEBUG;
				SWIFT_OPTIMIZATION_LEVEL = "-Onone";
			};
			name = Debug;
		};
		BE3944D32A850FE100EB2824 /* Release */ = {
			isa = XCBuildConfiguration;
			buildSettings = {
				ALWAYS_SEARCH_USER_PATHS = NO;
				CLANG_ANALYZER_NONNULL = YES;
				CLANG_ANALYZER_NUMBER_OBJECT_CONVERSION = YES_AGGRESSIVE;
				CLANG_CXX_LANGUAGE_STANDARD = "gnu++20";
				CLANG_ENABLE_MODULES = YES;
				CLANG_ENABLE_OBJC_ARC = YES;
				CLANG_ENABLE_OBJC_WEAK = YES;
				CLANG_WARN_BLOCK_CAPTURE_AUTORELEASING = YES;
				CLANG_WARN_BOOL_CONVERSION = YES;
				CLANG_WARN_COMMA = YES;
				CLANG_WARN_CONSTANT_CONVERSION = YES;
				CLANG_WARN_DEPRECATED_OBJC_IMPLEMENTATIONS = YES;
				CLANG_WARN_DIRECT_OBJC_ISA_USAGE = YES_ERROR;
				CLANG_WARN_DOCUMENTATION_COMMENTS = YES;
				CLANG_WARN_EMPTY_BODY = YES;
				CLANG_WARN_ENUM_CONVERSION = YES;
				CLANG_WARN_INFINITE_RECURSION = YES;
				CLANG_WARN_INT_CONVERSION = YES;
				CLANG_WARN_NON_LITERAL_NULL_CONVERSION = YES;
				CLANG_WARN_OBJC_IMPLICIT_RETAIN_SELF = YES;
				CLANG_WARN_OBJC_LITERAL_CONVERSION = YES;
				CLANG_WARN_OBJC_ROOT_CLASS = YES_ERROR;
				CLANG_WARN_QUOTED_INCLUDE_IN_FRAMEWORK_HEADER = YES;
				CLANG_WARN_RANGE_LOOP_ANALYSIS = YES;
				CLANG_WARN_STRICT_PROTOTYPES = YES;
				CLANG_WARN_SUSPICIOUS_MOVE = YES;
				CLANG_WARN_UNGUARDED_AVAILABILITY = YES_AGGRESSIVE;
				CLANG_WARN_UNREACHABLE_CODE = YES;
				CLANG_WARN__DUPLICATE_METHOD_MATCH = YES;
				COPY_PHASE_STRIP = NO;
				DEBUG_INFORMATION_FORMAT = "dwarf-with-dsym";
				ENABLE_NS_ASSERTIONS = NO;
				ENABLE_STRICT_OBJC_MSGSEND = YES;
				GCC_C_LANGUAGE_STANDARD = gnu11;
				GCC_NO_COMMON_BLOCKS = YES;
				GCC_WARN_64_TO_32_BIT_CONVERSION = YES;
				GCC_WARN_ABOUT_RETURN_TYPE = YES_ERROR;
				GCC_WARN_UNDECLARED_SELECTOR = YES;
				GCC_WARN_UNINITIALIZED_AUTOS = YES_AGGRESSIVE;
				GCC_WARN_UNUSED_FUNCTION = YES;
				GCC_WARN_UNUSED_VARIABLE = YES;
				IPHONEOS_DEPLOYMENT_TARGET = 16.4;
				MTL_ENABLE_DEBUG_INFO = NO;
				MTL_FAST_MATH = YES;
				SDKROOT = iphoneos;
				SWIFT_COMPILATION_MODE = wholemodule;
				SWIFT_OPTIMIZATION_LEVEL = "-O";
				VALIDATE_PRODUCT = YES;
			};
			name = Release;
		};
		BE3944D52A850FE100EB2824 /* Debug */ = {
			isa = XCBuildConfiguration;
			buildSettings = {
				ASSETCATALOG_COMPILER_APPICON_NAME = AppIcon;
				ASSETCATALOG_COMPILER_GLOBAL_ACCENT_COLOR_NAME = AccentColor;
				CODE_SIGN_STYLE = Automatic;
				CURRENT_PROJECT_VERSION = 1;
				GENERATE_INFOPLIST_FILE = YES;
				INFOPLIST_FILE = Space_X/Info.plist;
				INFOPLIST_KEY_UIApplicationSupportsIndirectInputEvents = YES;
				INFOPLIST_KEY_UILaunchStoryboardName = LaunchScreen;
				INFOPLIST_KEY_UIMainStoryboardFile = Main;
				INFOPLIST_KEY_UISupportedInterfaceOrientations_iPad = "UIInterfaceOrientationPortrait UIInterfaceOrientationPortraitUpsideDown UIInterfaceOrientationLandscapeLeft UIInterfaceOrientationLandscapeRight";
				INFOPLIST_KEY_UISupportedInterfaceOrientations_iPhone = "UIInterfaceOrientationPortrait UIInterfaceOrientationLandscapeLeft UIInterfaceOrientationLandscapeRight";
				LD_RUNPATH_SEARCH_PATHS = (
					"$(inherited)",
					"@executable_path/Frameworks",
				);
				MARKETING_VERSION = 1.0;
				PRODUCT_BUNDLE_IDENTIFIER = "-20504338.Space-X";
				PRODUCT_NAME = "$(TARGET_NAME)";
				SUPPORTED_PLATFORMS = "iphoneos iphonesimulator";
				SUPPORTS_MACCATALYST = NO;
				SUPPORTS_MAC_DESIGNED_FOR_IPHONE_IPAD = NO;
				SWIFT_EMIT_LOC_STRINGS = YES;
				SWIFT_VERSION = 5.0;
				TARGETED_DEVICE_FAMILY = "1,2";
			};
			name = Debug;
		};
		BE3944D62A850FE100EB2824 /* Release */ = {
			isa = XCBuildConfiguration;
			buildSettings = {
				ASSETCATALOG_COMPILER_APPICON_NAME = AppIcon;
				ASSETCATALOG_COMPILER_GLOBAL_ACCENT_COLOR_NAME = AccentColor;
				CODE_SIGN_STYLE = Automatic;
				CURRENT_PROJECT_VERSION = 1;
				GENERATE_INFOPLIST_FILE = YES;
				INFOPLIST_FILE = Space_X/Info.plist;
				INFOPLIST_KEY_UIApplicationSupportsIndirectInputEvents = YES;
				INFOPLIST_KEY_UILaunchStoryboardName = LaunchScreen;
				INFOPLIST_KEY_UIMainStoryboardFile = Main;
				INFOPLIST_KEY_UISupportedInterfaceOrientations_iPad = "UIInterfaceOrientationPortrait UIInterfaceOrientationPortraitUpsideDown UIInterfaceOrientationLandscapeLeft UIInterfaceOrientationLandscapeRight";
				INFOPLIST_KEY_UISupportedInterfaceOrientations_iPhone = "UIInterfaceOrientationPortrait UIInterfaceOrientationLandscapeLeft UIInterfaceOrientationLandscapeRight";
				LD_RUNPATH_SEARCH_PATHS = (
					"$(inherited)",
					"@executable_path/Frameworks",
				);
				MARKETING_VERSION = 1.0;
				PRODUCT_BUNDLE_IDENTIFIER = "-20504338.Space-X";
				PRODUCT_NAME = "$(TARGET_NAME)";
				SUPPORTED_PLATFORMS = "iphoneos iphonesimulator";
				SUPPORTS_MACCATALYST = NO;
				SUPPORTS_MAC_DESIGNED_FOR_IPHONE_IPAD = NO;
				SWIFT_EMIT_LOC_STRINGS = YES;
				SWIFT_VERSION = 5.0;
				TARGETED_DEVICE_FAMILY = "1,2";
			};
			name = Release;
		};
		BE3944D82A850FE100EB2824 /* Debug */ = {
			isa = XCBuildConfiguration;
			buildSettings = {
				ALWAYS_EMBED_SWIFT_STANDARD_LIBRARIES = YES;
				BUNDLE_LOADER = "$(TEST_HOST)";
				CODE_SIGN_STYLE = Automatic;
				CURRENT_PROJECT_VERSION = 1;
				GENERATE_INFOPLIST_FILE = YES;
				IPHONEOS_DEPLOYMENT_TARGET = 16.4;
				MARKETING_VERSION = 1.0;
				PRODUCT_BUNDLE_IDENTIFIER = "-20504338.Space-XTests";
				PRODUCT_NAME = "$(TARGET_NAME)";
				SWIFT_EMIT_LOC_STRINGS = NO;
				SWIFT_VERSION = 5.0;
				TARGETED_DEVICE_FAMILY = "1,2";
				TEST_HOST = "$(BUILT_PRODUCTS_DIR)/Space_X.app/$(BUNDLE_EXECUTABLE_FOLDER_PATH)/Space_X";
			};
			name = Debug;
		};
		BE3944D92A850FE100EB2824 /* Release */ = {
			isa = XCBuildConfiguration;
			buildSettings = {
				ALWAYS_EMBED_SWIFT_STANDARD_LIBRARIES = YES;
				BUNDLE_LOADER = "$(TEST_HOST)";
				CODE_SIGN_STYLE = Automatic;
				CURRENT_PROJECT_VERSION = 1;
				GENERATE_INFOPLIST_FILE = YES;
				IPHONEOS_DEPLOYMENT_TARGET = 16.4;
				MARKETING_VERSION = 1.0;
				PRODUCT_BUNDLE_IDENTIFIER = "-20504338.Space-XTests";
				PRODUCT_NAME = "$(TARGET_NAME)";
				SWIFT_EMIT_LOC_STRINGS = NO;
				SWIFT_VERSION = 5.0;
				TARGETED_DEVICE_FAMILY = "1,2";
				TEST_HOST = "$(BUILT_PRODUCTS_DIR)/Space_X.app/$(BUNDLE_EXECUTABLE_FOLDER_PATH)/Space_X";
			};
			name = Release;
		};
		BE3944DB2A850FE100EB2824 /* Debug */ = {
			isa = XCBuildConfiguration;
			buildSettings = {
				ALWAYS_EMBED_SWIFT_STANDARD_LIBRARIES = YES;
				CODE_SIGN_STYLE = Automatic;
				CURRENT_PROJECT_VERSION = 1;
				GENERATE_INFOPLIST_FILE = YES;
				MARKETING_VERSION = 1.0;
				PRODUCT_BUNDLE_IDENTIFIER = "-20504338.Space-XUITests";
				PRODUCT_NAME = "$(TARGET_NAME)";
				SWIFT_EMIT_LOC_STRINGS = NO;
				SWIFT_VERSION = 5.0;
				TARGETED_DEVICE_FAMILY = "1,2";
				TEST_TARGET_NAME = Space_X;
			};
			name = Debug;
		};
		BE3944DC2A850FE100EB2824 /* Release */ = {
			isa = XCBuildConfiguration;
			buildSettings = {
				ALWAYS_EMBED_SWIFT_STANDARD_LIBRARIES = YES;
				CODE_SIGN_STYLE = Automatic;
				CURRENT_PROJECT_VERSION = 1;
				GENERATE_INFOPLIST_FILE = YES;
				MARKETING_VERSION = 1.0;
				PRODUCT_BUNDLE_IDENTIFIER = "-20504338.Space-XUITests";
				PRODUCT_NAME = "$(TARGET_NAME)";
				SWIFT_EMIT_LOC_STRINGS = NO;
				SWIFT_VERSION = 5.0;
				TARGETED_DEVICE_FAMILY = "1,2";
				TEST_TARGET_NAME = Space_X;
			};
			name = Release;
		};
/* End XCBuildConfiguration section */

/* Begin XCConfigurationList section */
		BE3944A22A850FDF00EB2824 /* Build configuration list for PBXProject "Space_X" */ = {
			isa = XCConfigurationList;
			buildConfigurations = (
				BE3944D22A850FE100EB2824 /* Debug */,
				BE3944D32A850FE100EB2824 /* Release */,
			);
			defaultConfigurationIsVisible = 0;
			defaultConfigurationName = Release;
		};
		BE3944D42A850FE100EB2824 /* Build configuration list for PBXNativeTarget "Space_X" */ = {
			isa = XCConfigurationList;
			buildConfigurations = (
				BE3944D52A850FE100EB2824 /* Debug */,
				BE3944D62A850FE100EB2824 /* Release */,
			);
			defaultConfigurationIsVisible = 0;
			defaultConfigurationName = Release;
		};
		BE3944D72A850FE100EB2824 /* Build configuration list for PBXNativeTarget "Space_XTests" */ = {
			isa = XCConfigurationList;
			buildConfigurations = (
				BE3944D82A850FE100EB2824 /* Debug */,
				BE3944D92A850FE100EB2824 /* Release */,
			);
			defaultConfigurationIsVisible = 0;
			defaultConfigurationName = Release;
		};
		BE3944DA2A850FE100EB2824 /* Build configuration list for PBXNativeTarget "Space_XUITests" */ = {
			isa = XCConfigurationList;
			buildConfigurations = (
				BE3944DB2A850FE100EB2824 /* Debug */,
				BE3944DC2A850FE100EB2824 /* Release */,
			);
			defaultConfigurationIsVisible = 0;
			defaultConfigurationName = Release;
		};
/* End XCConfigurationList section */

/* Begin XCRemoteSwiftPackageReference section */
		BE3944DD2A851EDB00EB2824 /* XCRemoteSwiftPackageReference "Kingfisher" */ = {
			isa = XCRemoteSwiftPackageReference;
			repositoryURL = "https://github.com/onevcat/Kingfisher";
			requirement = {
				kind = upToNextMajorVersion;
				minimumVersion = 7.0.0;
			};
		};
		BE3944E02A851F3800EB2824 /* XCRemoteSwiftPackageReference "Moya" */ = {
			isa = XCRemoteSwiftPackageReference;
			repositoryURL = "https://github.com/Moya/Moya.git";
			requirement = {
				kind = upToNextMajorVersion;
				minimumVersion = 15.0.0;
			};
		};
		BE3944E32A85202500EB2824 /* XCRemoteSwiftPackageReference "AlamofireNetworkActivityLogger" */ = {
			isa = XCRemoteSwiftPackageReference;
			repositoryURL = "https://github.com/konkab/AlamofireNetworkActivityLogger";
			requirement = {
				kind = upToNextMajorVersion;
				minimumVersion = 3.0.0;
			};
		};
		BEDA9F7F2A8666B400B863C3 /* XCRemoteSwiftPackageReference "swift-collections" */ = {
			isa = XCRemoteSwiftPackageReference;
			repositoryURL = "https://github.com/apple/swift-collections.git";
			requirement = {
				kind = upToNextMajorVersion;
				minimumVersion = 1.0.0;
			};
		};
		BEDA9F842A867E1A00B863C3 /* XCRemoteSwiftPackageReference "lottie-ios" */ = {
			isa = XCRemoteSwiftPackageReference;
			repositoryURL = "https://github.com/airbnb/lottie-ios";
			requirement = {
				kind = upToNextMajorVersion;
				minimumVersion = 4.0.0;
			};
		};
/* End XCRemoteSwiftPackageReference section */

/* Begin XCSwiftPackageProductDependency section */
		BE3944DE2A851EDB00EB2824 /* Kingfisher */ = {
			isa = XCSwiftPackageProductDependency;
			package = BE3944DD2A851EDB00EB2824 /* XCRemoteSwiftPackageReference "Kingfisher" */;
			productName = Kingfisher;
		};
		BE3944E12A851F3800EB2824 /* Moya */ = {
			isa = XCSwiftPackageProductDependency;
			package = BE3944E02A851F3800EB2824 /* XCRemoteSwiftPackageReference "Moya" */;
			productName = Moya;
		};
		BE3944E42A85202500EB2824 /* AlamofireNetworkActivityLogger */ = {
			isa = XCSwiftPackageProductDependency;
			package = BE3944E32A85202500EB2824 /* XCRemoteSwiftPackageReference "AlamofireNetworkActivityLogger" */;
			productName = AlamofireNetworkActivityLogger;
		};
		BEDA9F802A8666B400B863C3 /* OrderedCollections */ = {
			isa = XCSwiftPackageProductDependency;
			package = BEDA9F7F2A8666B400B863C3 /* XCRemoteSwiftPackageReference "swift-collections" */;
			productName = OrderedCollections;
		};
		BEDA9F852A867E1A00B863C3 /* Lottie */ = {
			isa = XCSwiftPackageProductDependency;
			package = BEDA9F842A867E1A00B863C3 /* XCRemoteSwiftPackageReference "lottie-ios" */;
			productName = Lottie;
		};
/* End XCSwiftPackageProductDependency section */

/* Begin XCVersionGroup section */
		BE3944B32A850FDF00EB2824 /* Space_X.xcdatamodeld */ = {
			isa = XCVersionGroup;
			children = (
				BE3944B42A850FDF00EB2824 /* Space_X.xcdatamodel */,
			);
			currentVersion = BE3944B42A850FDF00EB2824 /* Space_X.xcdatamodel */;
			path = Space_X.xcdatamodeld;
			sourceTree = "<group>";
			versionGroupType = wrapper.xcdatamodel;
		};
/* End XCVersionGroup section */
	};
	rootObject = BE39449F2A850FDF00EB2824 /* Project object */;
}
